
Microsoft Visual Studio Solution File, Format Version 11.00
# Visual Studio 2010
Project("{FAE04EC0-301F-11D3-BF4B-00C04F79EFBC}") = "Unity.XR.Interaction.Toolkit.Samples.StarterAssets", "Unity.XR.Interaction.Toolkit.Samples.StarterAssets.csproj", "{99901b62-973f-bf8b-09dd-92cab8f5d9f2}"
EndProject
Project("{FAE04EC0-301F-11D3-BF4B-00C04F79EFBC}") = "Assembly-CSharp", "Assembly-CSharp.csproj", "{07456b2a-98f1-6fdf-3516-cc974fae9f7a}"
EndProject
Project("{FAE04EC0-301F-11D3-BF4B-00C04F79EFBC}") = "Unity.XR.Interaction.Toolkit.Samples.DeviceSimulator", "Unity.XR.Interaction.Toolkit.Samples.DeviceSimulator.csproj", "{e635e96a-ade8-2c8f-2b3b-72149ca86786}"
EndProject
Project("{FAE04EC0-301F-11D3-BF4B-00C04F79EFBC}") = "Unity.XR.Interaction.Toolkit.Samples.StarterAssets.Editor", "Unity.XR.Interaction.Toolkit.Samples.StarterAssets.Editor.csproj", "{9b0d94fb-e2b4-8f2f-ca19-08f51ea3bb93}"
EndProject
Global
	GlobalSection(SolutionConfigurationPlatforms) = preSolution
		Debug|Any CPU = Debug|Any CPU
	EndGlobalSection
	GlobalSection(ProjectConfigurationPlatforms) = postSolution
		{99901b62-973f-bf8b-09dd-92cab8f5d9f2}.Debug|Any CPU.ActiveCfg = Debug|Any CPU
		{99901b62-973f-bf8b-09dd-92cab8f5d9f2}.Debug|Any CPU.Build.0 = Debug|Any CPU
		{07456b2a-98f1-6fdf-3516-cc974fae9f7a}.Debug|Any CPU.ActiveCfg = Debug|Any CPU
		{07456b2a-98f1-6fdf-3516-cc974fae9f7a}.Debug|Any CPU.Build.0 = Debug|Any CPU
		{e635e96a-ade8-2c8f-2b3b-72149ca86786}.Debug|Any CPU.ActiveCfg = Debug|Any CPU
		{e635e96a-ade8-2c8f-2b3b-72149ca86786}.Debug|Any CPU.Build.0 = Debug|Any CPU
		{9b0d94fb-e2b4-8f2f-ca19-08f51ea3bb93}.Debug|Any CPU.ActiveCfg = Debug|Any CPU
		{9b0d94fb-e2b4-8f2f-ca19-08f51ea3bb93}.Debug|Any CPU.Build.0 = Debug|Any CPU
	EndGlobalSection
	GlobalSection(SolutionProperties) = preSolution
		HideSolutionNode = FALSE
	EndGlobalSection
EndGlobal
